// !$*UTF8*$!
{
	archiveVersion = 1;
	classes = {
	};
	objectVersion = 46;
	objects = {

/* Begin PBXBuildFile section */
		18008DE01E6E861000D51A26 /* Utils.swift in Sources */ = {isa = PBXBuildFile; fileRef = 18008DDF1E6E861000D51A26 /* Utils.swift */; };
		18008DE21E6E89CF00D51A26 /* Product.swift in Sources */ = {isa = PBXBuildFile; fileRef = 18008DE11E6E89CF00D51A26 /* Product.swift */; };
		188BF91E1E7E139A00B0F384 /* NetworkConnection.swift in Sources */ = {isa = PBXBuildFile; fileRef = 188BF91D1E7E139A00B0F384 /* NetworkConnection.swift */; };
		188BF9201E7E150B00B0F384 /* NetworkPool.swift in Sources */ = {isa = PBXBuildFile; fileRef = 188BF91F1E7E150B00B0F384 /* NetworkPool.swift */; };
		18F18FC91E6D26EA009F0B86 /* AppDelegate.swift in Sources */ = {isa = PBXBuildFile; fileRef = 18F18FC81E6D26EA009F0B86 /* AppDelegate.swift */; };
		18F18FCB1E6D26EA009F0B86 /* ViewController.swift in Sources */ = {isa = PBXBuildFile; fileRef = 18F18FCA1E6D26EA009F0B86 /* ViewController.swift */; };
		18F18FCE1E6D26EA009F0B86 /* Main.storyboard in Resources */ = {isa = PBXBuildFile; fileRef = 18F18FCC1E6D26EA009F0B86 /* Main.storyboard */; };
		18F18FD01E6D26EA009F0B86 /* Assets.xcassets in Resources */ = {isa = PBXBuildFile; fileRef = 18F18FCF1E6D26EA009F0B86 /* Assets.xcassets */; };
		18F18FD31E6D26EA009F0B86 /* LaunchScreen.storyboard in Resources */ = {isa = PBXBuildFile; fileRef = 18F18FD11E6D26EA009F0B86 /* LaunchScreen.storyboard */; };
		18F18FDB1E6D30F6009F0B86 /* ProductTableCell.swift in Sources */ = {isa = PBXBuildFile; fileRef = 18F18FDA1E6D30F6009F0B86 /* ProductTableCell.swift */; };
		18FE37041E7E45EE00B34D8F /* ProductDataStore.swift in Sources */ = {isa = PBXBuildFile; fileRef = 18FE37031E7E45EE00B34D8F /* ProductDataStore.swift */; };
		18FEE2891E7116940030AADE /* Logger.swift in Sources */ = {isa = PBXBuildFile; fileRef = 18FEE2881E7116940030AADE /* Logger.swift */; };
/* End PBXBuildFile section */

/* Begin PBXFileReference section */
		18008DDF1E6E861000D51A26 /* Utils.swift */ = {isa = PBXFileReference; fileEncoding = 4; lastKnownFileType = sourcecode.swift; path = Utils.swift; sourceTree = "<group>"; };
		18008DE11E6E89CF00D51A26 /* Product.swift */ = {isa = PBXFileReference; fileEncoding = 4; lastKnownFileType = sourcecode.swift; path = Product.swift; sourceTree = "<group>"; };
		188BF91D1E7E139A00B0F384 /* NetworkConnection.swift */ = {isa = PBXFileReference; fileEncoding = 4; lastKnownFileType = sourcecode.swift; path = NetworkConnection.swift; sourceTree = "<group>"; };
		188BF91F1E7E150B00B0F384 /* NetworkPool.swift */ = {isa = PBXFileReference; fileEncoding = 4; lastKnownFileType = sourcecode.swift; path = NetworkPool.swift; sourceTree = "<group>"; };
		18F18FC51E6D26EA009F0B86 /* SportsStoreDemo.app */ = {isa = PBXFileReference; explicitFileType = wrapper.application; includeInIndex = 0; path = SportsStoreDemo.app; sourceTree = BUILT_PRODUCTS_DIR; };
		18F18FC81E6D26EA009F0B86 /* AppDelegate.swift */ = {isa = PBXFileReference; lastKnownFileType = sourcecode.swift; path = AppDelegate.swift; sourceTree = "<group>"; };
		18F18FCA1E6D26EA009F0B86 /* ViewController.swift */ = {isa = PBXFileReference; lastKnownFileType = sourcecode.swift; path = ViewController.swift; sourceTree = "<group>"; };
		18F18FCD1E6D26EA009F0B86 /* Base */ = {isa = PBXFileReference; lastKnownFileType = file.storyboard; name = Base; path = Base.lproj/Main.storyboard; sourceTree = "<group>"; };
		18F18FCF1E6D26EA009F0B86 /* Assets.xcassets */ = {isa = PBXFileReference; lastKnownFileType = folder.assetcatalog; path = Assets.xcassets; sourceTree = "<group>"; };
		18F18FD21E6D26EA009F0B86 /* Base */ = {isa = PBXFileReference; lastKnownFileType = file.storyboard; name = Base; path = Base.lproj/LaunchScreen.storyboard; sourceTree = "<group>"; };
		18F18FD41E6D26EA009F0B86 /* Info.plist */ = {isa = PBXFileReference; lastKnownFileType = text.plist.xml; path = Info.plist; sourceTree = "<group>"; };
		18F18FDA1E6D30F6009F0B86 /* ProductTableCell.swift */ = {isa = PBXFileReference; fileEncoding = 4; lastKnownFileType = sourcecode.swift; path = ProductTableCell.swift; sourceTree = "<group>"; };
		18FE37031E7E45EE00B34D8F /* ProductDataStore.swift */ = {isa = PBXFileReference; fileEncoding = 4; lastKnownFileType = sourcecode.swift; path = ProductDataStore.swift; sourceTree = "<group>"; };
		18FEE2881E7116940030AADE /* Logger.swift */ = {isa = PBXFileReference; fileEncoding = 4; lastKnownFileType = sourcecode.swift; path = Logger.swift; sourceTree = "<group>"; };
/* End PBXFileReference section */

/* Begin PBXFrameworksBuildPhase section */
		18F18FC21E6D26EA009F0B86 /* Frameworks */ = {
			isa = PBXFrameworksBuildPhase;
			buildActionMask = 2147483647;
			files = (
			);
			runOnlyForDeploymentPostprocessing = 0;
		};
/* End PBXFrameworksBuildPhase section */

/* Begin PBXGroup section */
		18008DDE1E6E85F000D51A26 /* Utils */ = {
			isa = PBXGroup;
			children = (
				18008DDF1E6E861000D51A26 /* Utils.swift */,
			);
			name = Utils;
			sourceTree = "<group>";
		};
		18F18FBC1E6D26EA009F0B86 = {
			isa = PBXGroup;
			children = (
				18F18FC71E6D26EA009F0B86 /* SportsStoreDemo */,
				18F18FC61E6D26EA009F0B86 /* Products */,
			);
			sourceTree = "<group>";
		};
		18F18FC61E6D26EA009F0B86 /* Products */ = {
			isa = PBXGroup;
			children = (
				18F18FC51E6D26EA009F0B86 /* SportsStoreDemo.app */,
			);
			name = Products;
			sourceTree = "<group>";
		};
		18F18FC71E6D26EA009F0B86 /* SportsStoreDemo */ = {
			isa = PBXGroup;
			children = (
				18F18FC81E6D26EA009F0B86 /* AppDelegate.swift */,
				18F18FCA1E6D26EA009F0B86 /* ViewController.swift */,
				18F18FDA1E6D30F6009F0B86 /* ProductTableCell.swift */,
				18008DE11E6E89CF00D51A26 /* Product.swift */,
				18FEE2881E7116940030AADE /* Logger.swift */,
				188BF91D1E7E139A00B0F384 /* NetworkConnection.swift */,
				188BF91F1E7E150B00B0F384 /* NetworkPool.swift */,
				18FE37031E7E45EE00B34D8F /* ProductDataStore.swift */,
				18008DDE1E6E85F000D51A26 /* Utils */,
				18F18FCC1E6D26EA009F0B86 /* Main.storyboard */,
				18F18FCF1E6D26EA009F0B86 /* Assets.xcassets */,
				18F18FD11E6D26EA009F0B86 /* LaunchScreen.storyboard */,
				18F18FD41E6D26EA009F0B86 /* Info.plist */,
			);
			path = SportsStoreDemo;
			sourceTree = "<group>";
		};
/* End PBXGroup section */

/* Begin PBXNativeTarget section */
		18F18FC41E6D26EA009F0B86 /* SportsStoreDemo */ = {
			isa = PBXNativeTarget;
			buildConfigurationList = 18F18FD71E6D26EA009F0B86 /* Build configuration list for PBXNativeTarget "SportsStoreDemo" */;
			buildPhases = (
				18F18FC11E6D26EA009F0B86 /* Sources */,
				18F18FC21E6D26EA009F0B86 /* Frameworks */,
				18F18FC31E6D26EA009F0B86 /* Resources */,
			);
			buildRules = (
			);
			dependencies = (
			);
			name = SportsStoreDemo;
			productName = SportsStoreDemo;
			productReference = 18F18FC51E6D26EA009F0B86 /* SportsStoreDemo.app */;
			productType = "com.apple.product-type.application";
		};
/* End PBXNativeTarget section */

/* Begin PBXProject section */
		18F18FBD1E6D26EA009F0B86 /* Project object */ = {
			isa = PBXProject;
			attributes = {
				LastSwiftUpdateCheck = 0820;
				LastUpgradeCheck = 0820;
				ORGANIZATIONNAME = OnlyStu;
				TargetAttributes = {
					18F18FC41E6D26EA009F0B86 = {
						CreatedOnToolsVersion = 8.2.1;
						DevelopmentTeam = 832N2G49H3;
						ProvisioningStyle = Automatic;
					};
				};
			};
			buildConfigurationList = 18F18FC01E6D26EA009F0B86 /* Build configuration list for PBXProject "SportsStoreDemo" */;
			compatibilityVersion = "Xcode 3.2";
			developmentRegion = English;
			hasScannedForEncodings = 0;
			knownRegions = (
				en,
				Base,
			);
			mainGroup = 18F18FBC1E6D26EA009F0B86;
			productRefGroup = 18F18FC61E6D26EA009F0B86 /* Products */;
			projectDirPath = "";
			projectRoot = "";
			targets = (
				18F18FC41E6D26EA009F0B86 /* SportsStoreDemo */,
			);
		};
/* End PBXProject section */

/* Begin PBXResourcesBuildPhase section */
		18F18FC31E6D26EA009F0B86 /* Resources */ = {
			isa = PBXResourcesBuildPhase;
			buildActionMask = 2147483647;
			files = (
				18F18FD31E6D26EA009F0B86 /* LaunchScreen.storyboard in Resources */,
				18F18FD01E6D26EA009F0B86 /* Assets.xcassets in Resources */,
				18F18FCE1E6D26EA009F0B86 /* Main.storyboard in Resources */,
			);
			runOnlyForDeploymentPostprocessing = 0;
		};
/* End PBXResourcesBuildPhase section */

/* Begin PBXSourcesBuildPhase section */
		18F18FC11E6D26EA009F0B86 /* Sources */ = {
			isa = PBXSourcesBuildPhase;
			buildActionMask = 2147483647;
			files = (
				188BF9201E7E150B00B0F384 /* NetworkPool.swift in Sources */,
				18FE37041E7E45EE00B34D8F /* ProductDataStore.swift in Sources */,
				18008DE21E6E89CF00D51A26 /* Product.swift in Sources */,
				18FEE2891E7116940030AADE /* Logger.swift in Sources */,
				18F18FDB1E6D30F6009F0B86 /* ProductTableCell.swift in Sources */,
				18F18FCB1E6D26EA009F0B86 /* ViewController.swift in Sources */,
				188BF91E1E7E139A00B0F384 /* NetworkConnection.swift in Sources */,
				18F18FC91E6D26EA009F0B86 /* AppDelegate.swift in Sources */,
				18008DE01E6E861000D51A26 /* Utils.swift in Sources */,
			);
			runOnlyForDeploymentPostprocessing = 0;
		};
/* End PBXSourcesBuildPhase section */

/* Begin PBXVariantGroup section */
		18F18FCC1E6D26EA009F0B86 /* Main.storyboard */ = {
			isa = PBXVariantGroup;
			children = (
				18F18FCD1E6D26EA009F0B86 /* Base */,
			);
			name = Main.storyboard;
			sourceTree = "<group>";
		};
		18F18FD11E6D26EA009F0B86 /* LaunchScreen.storyboard */ = {
			isa = PBXVariantGroup;
			children = (
				18F18FD21E6D26EA009F0B86 /* Base */,
			);
			name = LaunchScreen.storyboard;
			sourceTree = "<group>";
		};
/* End PBXVariantGroup section */

/* Begin XCBuildConfiguration section */
		18F18FD51E6D26EA009F0B86 /* Debug */ = {
			isa = XCBuildConfiguration;
			buildSettings = {
				ALWAYS_SEARCH_USER_PATHS = NO;
				CLANG_ANALYZER_NONNULL = YES;
				CLANG_CXX_LANGUAGE_STANDARD = "gnu++0x";
				CLANG_CXX_LIBRARY = "libc++";
				CLANG_ENABLE_MODULES = YES;
				CLANG_ENABLE_OBJC_ARC = YES;
				CLANG_WARN_BOOL_CONVERSION = YES;
				CLANG_WARN_CONSTANT_CONVERSION = YES;
				CLANG_WARN_DIRECT_OBJC_ISA_USAGE = YES_ERROR;
				CLANG_WARN_DOCUMENTATION_COMMENTS = YES;
				CLANG_WARN_EMPTY_BODY = YES;
				CLANG_WARN_ENUM_CONVERSION = YES;
				CLANG_WARN_INFINITE_RECURSION = YES;
				CLANG_WARN_INT_CONVERSION = YES;
				CLANG_WARN_OBJC_ROOT_CLASS = YES_ERROR;
				CLANG_WARN_SUSPICIOUS_MOVE = YES;
				CLANG_WARN_UNREACHABLE_CODE = YES;
				CLANG_WARN__DUPLICATE_METHOD_MATCH = YES;
				"CODE_SIGN_IDENTITY[sdk=iphoneos*]" = "iPhone Developer";
				COPY_PHASE_STRIP = NO;
				DEBUG_INFORMATION_FORMAT = dwarf;
				ENABLE_STRICT_OBJC_MSGSEND = YES;
				ENABLE_TESTABILITY = YES;
				GCC_C_LANGUAGE_STANDARD = gnu99;
				GCC_DYNAMIC_NO_PIC = NO;
				GCC_NO_COMMON_BLOCKS = YES;
				GCC_OPTIMIZATION_LEVEL = 0;
				GCC_PREPROCESSOR_DEFINITIONS = (
					"DEBUG=1",
					"$(inherited)",
				);
				GCC_WARN_64_TO_32_BIT_CONVERSION = YES;
				GCC_WARN_ABOUT_RETURN_TYPE = YES_ERROR;
				GCC_WARN_UNDECLARED_SELECTOR = YES;
				GCC_WARN_UNINITIALIZED_AUTOS = YES_AGGRESSIVE;
				GCC_WARN_UNUSED_FUNCTION = YES;
				GCC_WARN_UNUSED_VARIABLE = YES;
				IPHONEOS_DEPLOYMENT_TARGET = 10.2;
				MTL_ENABLE_DEBUG_INFO = YES;
				ONLY_ACTIVE_ARCH = YES;
				SDKROOT = iphoneos;
				SWIFT_ACTIVE_COMPILATION_CONDITIONS = DEBUG;
				SWIFT_OPTIMIZATION_LEVEL = "-Onone";
				TARGETED_DEVICE_FAMILY = "1,2";
			};
			name = Debug;
		};
		18F18FD61E6D26EA009F0B86 /* Release */ = {
			isa = XCBuildConfiguration;
			buildSettings = {
				ALWAYS_SEARCH_USER_PATHS = NO;
				CLANG_ANALYZER_NONNULL = YES;
				CLANG_CXX_LANGUAGE_STANDARD = "gnu++0x";
				CLANG_CXX_LIBRARY = "libc++";
				CLANG_ENABLE_MODULES = YES;
				CLANG_ENABLE_OBJC_ARC = YES;
				CLANG_WARN_BOOL_CONVERSION = YES;
				CLANG_WARN_CONSTANT_CONVERSION = YES;
				CLANG_WARN_DIRECT_OBJC_ISA_USAGE = YES_ERROR;
				CLANG_WARN_DOCUMENTATION_COMMENTS = YES;
				CLANG_WARN_EMPTY_BODY = YES;
				CLANG_WARN_ENUM_CONVERSION = YES;
				CLANG_WARN_INFINITE_RECURSION = YES;
				CLANG_WARN_INT_CONVERSION = YES;
				CLANG_WARN_OBJC_ROOT_CLASS = YES_ERROR;
				CLANG_WARN_SUSPICIOUS_MOVE = YES;
				CLANG_WARN_UNREACHABLE_CODE = YES;
				CLANG_WARN__DUPLICATE_METHOD_MATCH = YES;
				"CODE_SIGN_IDENTITY[sdk=iphoneos*]" = "iPhone Developer";
				COPY_PHASE_STRIP = NO;
				DEBUG_INFORMATION_FORMAT = "dwarf-with-dsym";
				ENABLE_NS_ASSERTIONS = NO;
				ENABLE_STRICT_OBJC_MSGSEND = YES;
				GCC_C_LANGUAGE_STANDARD = gnu99;
				GCC_NO_COMMON_BLOCKS = YES;
				GCC_WARN_64_TO_32_BIT_CONVERSION = YES;
				GCC_WARN_ABOUT_RETURN_TYPE = YES_ERROR;
				GCC_WARN_UNDECLARED_SELECTOR = YES;
				GCC_WARN_UNINITIALIZED_AUTOS = YES_AGGRESSIVE;
				GCC_WARN_UNUSED_FUNCTION = YES;
				GCC_WARN_UNUSED_VARIABLE = YES;
				IPHONEOS_DEPLOYMENT_TARGET = 10.2;
				MTL_ENABLE_DEBUG_INFO = NO;
				SDKROOT = iphoneos;
				SWIFT_OPTIMIZATION_LEVEL = "-Owholemodule";
				TARGETED_DEVICE_FAMILY = "1,2";
				VALIDATE_PRODUCT = YES;
			};
			name = Release;
		};
		18F18FD81E6D26EA009F0B86 /* Debug */ = {
			isa = XCBuildConfiguration;
			buildSettings = {
				ASSETCATALOG_COMPILER_APPICON_NAME = AppIcon;
				DEVELOPMENT_TEAM = 832N2G49H3;
				INFOPLIST_FILE = SportsStoreDemo/Info.plist;
				LD_RUNPATH_SEARCH_PATHS = "$(inherited) @executable_path/Frameworks";
				PRODUCT_BUNDLE_IDENTIFIER = com.onlystu.SportsStoreDemo;
				PRODUCT_NAME = "$(TARGET_NAME)";
				SWIFT_VERSION = 3.0;
			};
			name = Debug;
		};
		18F18FD91E6D26EA009F0B86 /* Release */ = {
			isa = XCBuildConfiguration;
			buildSettings = {
				ASSETCATALOG_COMPILER_APPICON_NAME = AppIcon;
				DEVELOPMENT_TEAM = 832N2G49H3;
				INFOPLIST_FILE = SportsStoreDemo/Info.plist;
				LD_RUNPATH_SEARCH_PATHS = "$(inherited) @executable_path/Frameworks";
				PRODUCT_BUNDLE_IDENTIFIER = com.onlystu.SportsStoreDemo;
				PRODUCT_NAME = "$(TARGET_NAME)";
				SWIFT_VERSION = 3.0;
			};
			name = Release;
		};
/* End XCBuildConfiguration section */

/* Begin XCConfigurationList section */
		18F18FC01E6D26EA009F0B86 /* Build configuration list for PBXProject "SportsStoreDemo" */ = {
			isa = XCConfigurationList;
			buildConfigurations = (
				18F18FD51E6D26EA009F0B86 /* Debug */,
				18F18FD61E6D26EA009F0B86 /* Release */,
			);
			defaultConfigurationIsVisible = 0;
			defaultConfigurationName = Release;
		};
		18F18FD71E6D26EA009F0B86 /* Build configuration list for PBXNativeTarget "SportsStoreDemo" */ = {
			isa = XCConfigurationList;
			buildConfigurations = (
				18F18FD81E6D26EA009F0B86 /* Debug */,
				18F18FD91E6D26EA009F0B86 /* Release */,
			);
			defaultConfigurationIsVisible = 0;
			defaultConfigurationName = Release;
		};
/* End XCConfigurationList section */
	};
	rootObject = 18F18FBD1E6D26EA009F0B86 /* Project object */;
}
