// !$*UTF8*$!
{
	archiveVersion = 1;
	classes = {
	};
	objectVersion = 46;
	objects = {

/* Begin PBXBuildFile section */
		18568DB11E7A657B004571FD /* main.swift in Sources */ = {isa = PBXBuildFile; fileRef = 18568DB01E7A657B004571FD /* main.swift */; };
		18568DB81E7A6599004571FD /* Pool.swift in Sources */ = {isa = PBXBuildFile; fileRef = 18568DB71E7A6598004571FD /* Pool.swift */; };
		188BF91A1E7DAAEB00B0F384 /* Library.swift in Sources */ = {isa = PBXBuildFile; fileRef = 188BF9191E7DAAEB00B0F384 /* Library.swift */; };
		188BF91C1E7DAB3200B0F384 /* Book.swift in Sources */ = {isa = PBXBuildFile; fileRef = 188BF91B1E7DAB3200B0F384 /* Book.swift */; };
/* End PBXBuildFile section */

/* Begin PBXCopyFilesBuildPhase section */
		18568DAB1E7A657B004571FD /* CopyFiles */ = {
			isa = PBXCopyFilesBuildPhase;
			buildActionMask = 2147483647;
			dstPath = /usr/share/man/man1/;
			dstSubfolderSpec = 0;
			files = (
			);
			runOnlyForDeploymentPostprocessing = 1;
		};
/* End PBXCopyFilesBuildPhase section */

/* Begin PBXFileReference section */
		18568DAD1E7A657B004571FD /* ObjectPool */ = {isa = PBXFileReference; explicitFileType = "compiled.mach-o.executable"; includeInIndex = 0; path = ObjectPool; sourceTree = BUILT_PRODUCTS_DIR; };
		18568DB01E7A657B004571FD /* main.swift */ = {isa = PBXFileReference; lastKnownFileType = sourcecode.swift; path = main.swift; sourceTree = "<group>"; };
		18568DB71E7A6598004571FD /* Pool.swift */ = {isa = PBXFileReference; fileEncoding = 4; lastKnownFileType = sourcecode.swift; path = Pool.swift; sourceTree = "<group>"; };
		188BF9191E7DAAEB00B0F384 /* Library.swift */ = {isa = PBXFileReference; fileEncoding = 4; lastKnownFileType = sourcecode.swift; path = Library.swift; sourceTree = "<group>"; };
		188BF91B1E7DAB3200B0F384 /* Book.swift */ = {isa = PBXFileReference; fileEncoding = 4; lastKnownFileType = sourcecode.swift; path = Book.swift; sourceTree = "<group>"; };
/* End PBXFileReference section */

/* Begin PBXFrameworksBuildPhase section */
		18568DAA1E7A657B004571FD /* Frameworks */ = {
			isa = PBXFrameworksBuildPhase;
			buildActionMask = 2147483647;
			files = (
			);
			runOnlyForDeploymentPostprocessing = 0;
		};
/* End PBXFrameworksBuildPhase section */

/* Begin PBXGroup section */
		18568DA41E7A657B004571FD = {
			isa = PBXGroup;
			children = (
				18568DAF1E7A657B004571FD /* ObjectPool */,
				18568DAE1E7A657B004571FD /* Products */,
			);
			sourceTree = "<group>";
		};
		18568DAE1E7A657B004571FD /* Products */ = {
			isa = PBXGroup;
			children = (
				18568DAD1E7A657B004571FD /* ObjectPool */,
			);
			name = Products;
			sourceTree = "<group>";
		};
		18568DAF1E7A657B004571FD /* ObjectPool */ = {
			isa = PBXGroup;
			children = (
				18568DB01E7A657B004571FD /* main.swift */,
				188BF91B1E7DAB3200B0F384 /* Book.swift */,
				18568DB71E7A6598004571FD /* Pool.swift */,
				188BF9191E7DAAEB00B0F384 /* Library.swift */,
			);
			path = ObjectPool;
			sourceTree = "<group>";
		};
/* End PBXGroup section */

/* Begin PBXNativeTarget section */
		18568DAC1E7A657B004571FD /* ObjectPool */ = {
			isa = PBXNativeTarget;
			buildConfigurationList = 18568DB41E7A657B004571FD /* Build configuration list for PBXNativeTarget "ObjectPool" */;
			buildPhases = (
				18568DA91E7A657B004571FD /* Sources */,
				18568DAA1E7A657B004571FD /* Frameworks */,
				18568DAB1E7A657B004571FD /* CopyFiles */,
			);
			buildRules = (
			);
			dependencies = (
			);
			name = ObjectPool;
			productName = ObjectPool;
			productReference = 18568DAD1E7A657B004571FD /* ObjectPool */;
			productType = "com.apple.product-type.tool";
		};
/* End PBXNativeTarget section */

/* Begin PBXProject section */
		18568DA51E7A657B004571FD /* Project object */ = {
			isa = PBXProject;
			attributes = {
				LastSwiftUpdateCheck = 0820;
				LastUpgradeCheck = 0820;
				ORGANIZATIONNAME = OnlyStu;
				TargetAttributes = {
					18568DAC1E7A657B004571FD = {
						CreatedOnToolsVersion = 8.2.1;
						ProvisioningStyle = Automatic;
					};
				};
			};
			buildConfigurationList = 18568DA81E7A657B004571FD /* Build configuration list for PBXProject "ObjectPool" */;
			compatibilityVersion = "Xcode 3.2";
			developmentRegion = English;
			hasScannedForEncodings = 0;
			knownRegions = (
				en,
			);
			mainGroup = 18568DA41E7A657B004571FD;
			productRefGroup = 18568DAE1E7A657B004571FD /* Products */;
			projectDirPath = "";
			projectRoot = "";
			targets = (
				18568DAC1E7A657B004571FD /* ObjectPool */,
			);
		};
/* End PBXProject section */

/* Begin PBXSourcesBuildPhase section */
		18568DA91E7A657B004571FD /* Sources */ = {
			isa = PBXSourcesBuildPhase;
			buildActionMask = 2147483647;
			files = (
				188BF91C1E7DAB3200B0F384 /* Book.swift in Sources */,
				18568DB11E7A657B004571FD /* main.swift in Sources */,
				18568DB81E7A6599004571FD /* Pool.swift in Sources */,
				188BF91A1E7DAAEB00B0F384 /* Library.swift in Sources */,
			);
			runOnlyForDeploymentPostprocessing = 0;
		};
/* End PBXSourcesBuildPhase section */

/* Begin XCBuildConfiguration section */
		18568DB21E7A657B004571FD /* Debug */ = {
			isa = XCBuildConfiguration;
			buildSettings = {
				ALWAYS_SEARCH_USER_PATHS = NO;
				CLANG_ANALYZER_NONNULL = YES;
				CLANG_CXX_LANGUAGE_STANDARD = "gnu++0x";
				CLANG_CXX_LIBRARY = "libc++";
				CLANG_ENABLE_MODULES = YES;
				CLANG_ENABLE_OBJC_ARC = YES;
				CLANG_WARN_BOOL_CONVERSION = YES;
				CLANG_WARN_CONSTANT_CONVERSION = YES;
				CLANG_WARN_DIRECT_OBJC_ISA_USAGE = YES_ERROR;
				CLANG_WARN_DOCUMENTATION_COMMENTS = YES;
				CLANG_WARN_EMPTY_BODY = YES;
				CLANG_WARN_ENUM_CONVERSION = YES;
				CLANG_WARN_INFINITE_RECURSION = YES;
				CLANG_WARN_INT_CONVERSION = YES;
				CLANG_WARN_OBJC_ROOT_CLASS = YES_ERROR;
				CLANG_WARN_SUSPICIOUS_MOVE = YES;
				CLANG_WARN_UNREACHABLE_CODE = YES;
				CLANG_WARN__DUPLICATE_METHOD_MATCH = YES;
				CODE_SIGN_IDENTITY = "-";
				COPY_PHASE_STRIP = NO;
				DEBUG_INFORMATION_FORMAT = dwarf;
				ENABLE_STRICT_OBJC_MSGSEND = YES;
				ENABLE_TESTABILITY = YES;
				GCC_C_LANGUAGE_STANDARD = gnu99;
				GCC_DYNAMIC_NO_PIC = NO;
				GCC_NO_COMMON_BLOCKS = YES;
				GCC_OPTIMIZATION_LEVEL = 0;
				GCC_PREPROCESSOR_DEFINITIONS = (
					"DEBUG=1",
					"$(inherited)",
				);
				GCC_WARN_64_TO_32_BIT_CONVERSION = YES;
				GCC_WARN_ABOUT_RETURN_TYPE = YES_ERROR;
				GCC_WARN_UNDECLARED_SELECTOR = YES;
				GCC_WARN_UNINITIALIZED_AUTOS = YES_AGGRESSIVE;
				GCC_WARN_UNUSED_FUNCTION = YES;
				GCC_WARN_UNUSED_VARIABLE = YES;
				MACOSX_DEPLOYMENT_TARGET = 10.12;
				MTL_ENABLE_DEBUG_INFO = YES;
				ONLY_ACTIVE_ARCH = YES;
				SDKROOT = macosx;
				SWIFT_OPTIMIZATION_LEVEL = "-Onone";
			};
			name = Debug;
		};
		18568DB31E7A657B004571FD /* Release */ = {
			isa = XCBuildConfiguration;
			buildSettings = {
				ALWAYS_SEARCH_USER_PATHS = NO;
				CLANG_ANALYZER_NONNULL = YES;
				CLANG_CXX_LANGUAGE_STANDARD = "gnu++0x";
				CLANG_CXX_LIBRARY = "libc++";
				CLANG_ENABLE_MODULES = YES;
				CLANG_ENABLE_OBJC_ARC = YES;
				CLANG_WARN_BOOL_CONVERSION = YES;
				CLANG_WARN_CONSTANT_CONVERSION = YES;
				CLANG_WARN_DIRECT_OBJC_ISA_USAGE = YES_ERROR;
				CLANG_WARN_DOCUMENTATION_COMMENTS = YES;
				CLANG_WARN_EMPTY_BODY = YES;
				CLANG_WARN_ENUM_CONVERSION = YES;
				CLANG_WARN_INFINITE_RECURSION = YES;
				CLANG_WARN_INT_CONVERSION = YES;
				CLANG_WARN_OBJC_ROOT_CLASS = YES_ERROR;
				CLANG_WARN_SUSPICIOUS_MOVE = YES;
				CLANG_WARN_UNREACHABLE_CODE = YES;
				CLANG_WARN__DUPLICATE_METHOD_MATCH = YES;
				CODE_SIGN_IDENTITY = "-";
				COPY_PHASE_STRIP = NO;
				DEBUG_INFORMATION_FORMAT = "dwarf-with-dsym";
				ENABLE_NS_ASSERTIONS = NO;
				ENABLE_STRICT_OBJC_MSGSEND = YES;
				GCC_C_LANGUAGE_STANDARD = gnu99;
				GCC_NO_COMMON_BLOCKS = YES;
				GCC_WARN_64_TO_32_BIT_CONVERSION = YES;
				GCC_WARN_ABOUT_RETURN_TYPE = YES_ERROR;
				GCC_WARN_UNDECLARED_SELECTOR = YES;
				GCC_WARN_UNINITIALIZED_AUTOS = YES_AGGRESSIVE;
				GCC_WARN_UNUSED_FUNCTION = YES;
				GCC_WARN_UNUSED_VARIABLE = YES;
				MACOSX_DEPLOYMENT_TARGET = 10.12;
				MTL_ENABLE_DEBUG_INFO = NO;
				SDKROOT = macosx;
			};
			name = Release;
		};
		18568DB51E7A657B004571FD /* Debug */ = {
			isa = XCBuildConfiguration;
			buildSettings = {
				PRODUCT_NAME = "$(TARGET_NAME)";
				SWIFT_VERSION = 3.0;
			};
			name = Debug;
		};
		18568DB61E7A657B004571FD /* Release */ = {
			isa = XCBuildConfiguration;
			buildSettings = {
				PRODUCT_NAME = "$(TARGET_NAME)";
				SWIFT_VERSION = 3.0;
			};
			name = Release;
		};
/* End XCBuildConfiguration section */

/* Begin XCConfigurationList section */
		18568DA81E7A657B004571FD /* Build configuration list for PBXProject "ObjectPool" */ = {
			isa = XCConfigurationList;
			buildConfigurations = (
				18568DB21E7A657B004571FD /* Debug */,
				18568DB31E7A657B004571FD /* Release */,
			);
			defaultConfigurationIsVisible = 0;
			defaultConfigurationName = Release;
		};
		18568DB41E7A657B004571FD /* Build configuration list for PBXNativeTarget "ObjectPool" */ = {
			isa = XCConfigurationList;
			buildConfigurations = (
				18568DB51E7A657B004571FD /* Debug */,
				18568DB61E7A657B004571FD /* Release */,
			);
			defaultConfigurationIsVisible = 0;
			defaultConfigurationName = Release;
		};
/* End XCConfigurationList section */
	};
	rootObject = 18568DA51E7A657B004571FD /* Project object */;
}
